
Microsoft Visual Studio Solution File, Format Version 12.00
# Visual Studio 2012
Project("{FAE04EC0-301F-11D3-BF4B-00C04F79EFBC}") = "house_sample_caller", "house_sample_caller.csproj", "{78D3CEB9-A816-4A3F-A500-3B5A190939C8}"
EndProject
Global
	GlobalSection(SolutionConfigurationPlatforms) = preSolution
		Debug|Any CPU = Debug|Any CPU
		Release|Any CPU = Release|Any CPU
	EndGlobalSection
	GlobalSection(ProjectConfigurationPlatforms) = postSolution
		{78D3CEB9-A816-4A3F-A500-3B5A190939C8}.Debug|Any CPU.ActiveCfg = Debug|Any CPU
		{78D3CEB9-A816-4A3F-A500-3B5A190939C8}.Debug|Any CPU.Build.0 = Debug|Any CPU
		{78D3CEB9-A816-4A3F-A500-3B5A190939C8}.Release|Any CPU.ActiveCfg = Release|Any CPU
		{78D3CEB9-A816-4A3F-A500-3B5A190939C8}.Release|Any CPU.Build.0 = Release|Any CPU
	EndGlobalSection
	GlobalSection(SolutionProperties) = preSolution
		HideSolutionNode = FALSE
	EndGlobalSection
EndGlobal
